{
  "lockfileVersion": 1,
  "workspaces": {
    "": {
      "name": "databos-contacts",
      "dependencies": {
        "@shun-shobon/littlexml": "^0.6.2",
        "fast-xml-parser": "^5.2.3",
        "hono": "^4.7.11",
        "vcards-js": "^2.10.0",
        "webdav-server": "^2.6.2",
        "zod": "^3.25.49",
      },
      "devDependencies": {
        "@types/bun": "latest",
        "@types/vcards-js": "^2.10.5",
      },
      "peerDependencies": {
        "typescript": "^5",
      },
    },
  },
  "packages": {
    "@shun-shobon/littlexml": ["@shun-shobon/littlexml@0.6.2", "", {}, "sha512-piwm+jbUM+mEo+b27EMdn09V3wAMR0eZzKuNt+cYFEOe3PEhjII2nNH8KL7tEJI3/KaNnoyeQg705/Kcvnbp0g=="],

    "@types/bun": ["@types/bun@1.2.15", "", { "dependencies": { "bun-types": "1.2.15" } }, "sha512-U1ljPdBEphF0nw1MIk0hI7kPg7dFdPyM7EenHsp6W5loNHl7zqy6JQf/RKCgnUn2KDzUpkBwHPnEJEjII594bA=="],

    "@types/node": ["@types/node@22.15.29", "", { "dependencies": { "undici-types": "~6.21.0" } }, "sha512-LNdjOkUDlU1RZb8e1kOIUpN1qQUlzGkEtbVNo53vbrwDg5om6oduhm4SiUaPW5ASTXhAiP0jInWG8Qx9fVlOeQ=="],

    "@types/vcards-js": ["@types/vcards-js@2.10.5", "", {}, "sha512-QkKYoDc7HcRwiJVALv3ZSl1pzX3nkGm8OiQWZVn4QM8S4xUkcZVU6ci89eF6ychyEQc3ySLDIyAa/Mymbvg3IA=="],

    "bun-types": ["bun-types@1.2.15", "", { "dependencies": { "@types/node": "*" } }, "sha512-NarRIaS+iOaQU1JPfyKhZm4AsUOrwUOqRNHY0XxI8GI8jYxiLXLcdjYMG9UKS+fwWasc1uw1htV9AX24dD+p4w=="],

    "fast-xml-parser": ["fast-xml-parser@5.2.3", "", { "dependencies": { "strnum": "^2.1.0" }, "bin": { "fxparser": "src/cli/cli.js" } }, "sha512-OdCYfRqfpuLUFonTNjvd30rCBZUneHpSQkCqfaeWQ9qrKcl6XlWeDBNVwGb+INAIxRshuN2jF+BE0L6gbBO2mw=="],

    "hono": ["hono@4.7.11", "", {}, "sha512-rv0JMwC0KALbbmwJDEnxvQCeJh+xbS3KEWW5PC9cMJ08Ur9xgatI0HmtgYZfOdOSOeYsp5LO2cOhdI8cLEbDEQ=="],

    "mime-db": ["mime-db@1.52.0", "", {}, "sha512-sPU4uV7dYlvtWJxwwxHD0PuihVNiE7TyAbQ5SWxDCB9mUYvOgroQOwYQQOKPJ8CIbE+1ETVlOoK1UC2nU3gYvg=="],

    "mime-types": ["mime-types@2.1.35", "", { "dependencies": { "mime-db": "1.52.0" } }, "sha512-ZDY+bPm5zTTF+YpCrAU9nK0UgICYPT0QtT1NZWFv4s++TNkcgVaT0g6+4R2uI4MjQjzysHB1zxuWL50hzaeXiw=="],

    "sax": ["sax@1.4.1", "", {}, "sha512-+aWOz7yVScEGoKNd4PA10LZ8sk0A/z5+nXQG5giUO5rprX9jgYsTdov9qCchZiPIZezbZH+jRut8nPodFAX4Jg=="],

    "strnum": ["strnum@2.1.1", "", {}, "sha512-7ZvoFTiCnGxBtDqJ//Cu6fWtZtc7Y3x+QOirG15wztbdngGSkht27o2pyGWrVy0b4WAy3jbKmnoK6g5VlVNUUw=="],

    "typescript": ["typescript@5.8.3", "", { "bin": { "tsc": "bin/tsc", "tsserver": "bin/tsserver" } }, "sha512-p1diW6TqL9L07nNxvRMM7hMMw4c5XOo/1ibL4aAIGmSAt9slTE1Xgw5KWuof2uTOvCg9BY7ZRi+GaF+7sfgPeQ=="],

    "undici-types": ["undici-types@6.21.0", "", {}, "sha512-iwDZqg0QAGrg9Rav5H4n0M64c3mkR59cJ6wQp+7C4nI0gsmExaedaYLNO44eT4AtBBwjbTiGPMlt2Md0T9H9JQ=="],

    "vcards-js": ["vcards-js@2.10.0", "", {}, "sha512-nah+xbVInVJaO6+C5PEUqaougmv8BN8aa7ZCtmVQcX6eWIZGRukckFtseXSI7KD7/nXtwkJe624y42T0r+L+AQ=="],

    "webdav-server": ["webdav-server@2.6.2", "", { "dependencies": { "mime-types": "^2.1.18", "xml-js-builder": "^1.0.3" } }, "sha512-0iHdrOzlKGFD96bTvPF8IIEfxw9Q7jB5LqWqhjyBYsofD6T6mOYqWtAvR88VY9Mq0xeg8bCRHC2Vifc9iuTYuw=="],

    "xml-js": ["xml-js@1.6.11", "", { "dependencies": { "sax": "^1.2.4" }, "bin": { "xml-js": "./bin/cli.js" } }, "sha512-7rVi2KMfwfWFl+GpPg6m80IVMWXLRjO+PxTq7V2CDhoGak0wzYzFgUY2m4XJ47OGdXd8eLE8EmwfAmdjw7lC1g=="],

    "xml-js-builder": ["xml-js-builder@1.0.3", "", { "dependencies": { "xml-js": "^1.6.2" } }, "sha512-BoLgG/glT45M0jK5PGh9h+iGrQxa8jJk9ofR63GroRifl2tbGB3/yYiVY3wQWHrZgWWfl9+7fhEB/VoD9mWnSg=="],

    "zod": ["zod@3.25.49", "", {}, "sha512-JMMPMy9ZBk3XFEdbM3iL1brx4NUSejd6xr3ELrrGEfGb355gjhiAWtG3K5o+AViV/3ZfkIrCzXsZn6SbLwTR8Q=="],
  }
}
